
Microsoft Visual Studio Solution File, Format Version 12.00
Project("{FAE04EC0-301F-11D3-BF4B-00C04F79EFBC}") = "LouisasAstroWebsite", "LouisasAstroWebsite\LouisasAstroWebsite.csproj", "{C26A3570-F5F0-4713-A694-645D0322E1B9}"
EndProject
Global
	GlobalSection(SolutionConfigurationPlatforms) = preSolution
		Debug|Any CPU = Debug|Any CPU
		Release|Any CPU = Release|Any CPU
	EndGlobalSection
	GlobalSection(ProjectConfigurationPlatforms) = postSolution
		{C26A3570-F5F0-4713-A694-645D0322E1B9}.Debug|Any CPU.ActiveCfg = Debug|Any CPU
		{C26A3570-F5F0-4713-A694-645D0322E1B9}.Debug|Any CPU.Build.0 = Debug|Any CPU
		{C26A3570-F5F0-4713-A694-645D0322E1B9}.Release|Any CPU.ActiveCfg = Release|Any CPU
		{C26A3570-F5F0-4713-A694-645D0322E1B9}.Release|Any CPU.Build.0 = Release|Any CPU
	EndGlobalSection
EndGlobal
